// !$*UTF8*$!
{
	archiveVersion = 1;
	classes = {
	};
	objectVersion = 77;
	objects = {

/* Begin PBXBuildFile section */
		55E5A4472FE1E529006F7397 /* SDWebImageSwiftUI in Frameworks */ = {isa = PBXBuildFile; productRef = 55E5A4462FE1E529006F7397 /* SDWebImageSwiftUI */; };
		55F8D8F52FDB078E0033EFBF /* JGProgressHUD in Frameworks */ = {isa = PBXBuildFile; productRef = 55F8D8F42FDB078E0033EFBF /* JGProgressHUD */; };
		55F8D8F82FDB07A40033EFBF /* Auth in Frameworks */ = {isa = PBXBuildFile; productRef = 55F8D8F72FDB07A40033EFBF /* Auth */; };
		55F8D8FA2FDB07A40033EFBF /* Functions in Frameworks */ = {isa = PBXBuildFile; productRef = 55F8D8F92FDB07A40033EFBF /* Functions */; };
		55F8D8FC2FDB07A40033EFBF /* PostgREST in Frameworks */ = {isa = PBXBuildFile; productRef = 55F8D8FB2FDB07A40033EFBF /* PostgREST */; };
		55F8D8FE2FDB07A40033EFBF /* Realtime in Frameworks */ = {isa = PBXBuildFile; productRef = 55F8D8FD2FDB07A40033EFBF /* Realtime */; };
		55F8D9002FDB07A40033EFBF /* Storage in Frameworks */ = {isa = PBXBuildFile; productRef = 55F8D8FF2FDB07A40033EFBF /* Storage */; };
		55F8D9022FDB07A40033EFBF /* Supabase in Frameworks */ = {isa = PBXBuildFile; productRef = 55F8D9012FDB07A40033EFBF /* Supabase */; };
		55F8D9052FDB07AF0033EFBF /* MessageKit in Frameworks */ = {isa = PBXBuildFile; productRef = 55F8D9042FDB07AF0033EFBF /* MessageKit */; };
/* End PBXBuildFile section */

/* Begin PBXContainerItemProxy section */
		55F8D8572FD7127E0033EFBF /* PBXContainerItemProxy */ = {
			isa = PBXContainerItemProxy;
			containerPortal = 55F8D83A2FD7127C0033EFBF /* Project object */;
			proxyType = 1;
			remoteGlobalIDString = 55F8D8412FD7127C0033EFBF;
			remoteInfo = FireflyFM;
		};
		55F8D8612FD7127E0033EFBF /* PBXContainerItemProxy */ = {
			isa = PBXContainerItemProxy;
			containerPortal = 55F8D83A2FD7127C0033EFBF /* Project object */;
			proxyType = 1;
			remoteGlobalIDString = 55F8D8412FD7127C0033EFBF;
			remoteInfo = FireflyFM;
		};
/* End PBXContainerItemProxy section */

/* Begin PBXFileReference section */
		55F8D8422FD7127C0033EFBF /* FireflyFM.app */ = {isa = PBXFileReference; explicitFileType = wrapper.application; includeInIndex = 0; path = FireflyFM.app; sourceTree = BUILT_PRODUCTS_DIR; };
		55F8D8562FD7127E0033EFBF /* FireflyFMTests.xctest */ = {isa = PBXFileReference; explicitFileType = wrapper.cfbundle; includeInIndex = 0; path = FireflyFMTests.xctest; sourceTree = BUILT_PRODUCTS_DIR; };
		55F8D8602FD7127E0033EFBF /* FireflyFMUITests.xctest */ = {isa = PBXFileReference; explicitFileType = wrapper.cfbundle; includeInIndex = 0; path = FireflyFMUITests.xctest; sourceTree = BUILT_PRODUCTS_DIR; };
/* End PBXFileReference section */

/* Begin PBXFileSystemSynchronizedBuildFileExceptionSet section */
		55F8D8682FD7127E0033EFBF /* Exceptions for "FireflyFM" folder in "FireflyFM" target */ = {
			isa = PBXFileSystemSynchronizedBuildFileExceptionSet;
			membershipExceptions = (
				Info.plist,
			);
			target = 55F8D8412FD7127C0033EFBF /* FireflyFM */;
		};
/* End PBXFileSystemSynchronizedBuildFileExceptionSet section */

/* Begin PBXFileSystemSynchronizedRootGroup section */
		55F8D8442FD7127C0033EFBF /* FireflyFM */ = {
			isa = PBXFileSystemSynchronizedRootGroup;
			exceptions = (
				55F8D8682FD7127E0033EFBF /* Exceptions for "FireflyFM" folder in "FireflyFM" target */,
			);
			path = FireflyFM;
			sourceTree = "<group>";
		};
		55F8D8592FD7127E0033EFBF /* FireflyFMTests */ = {
			isa = PBXFileSystemSynchronizedRootGroup;
			path = FireflyFMTests;
			sourceTree = "<group>";
		};
		55F8D8632FD7127E0033EFBF /* FireflyFMUITests */ = {
			isa = PBXFileSystemSynchronizedRootGroup;
			path = FireflyFMUITests;
			sourceTree = "<group>";
		};
/* End PBXFileSystemSynchronizedRootGroup section */

/* Begin PBXFrameworksBuildPhase section */
		55F8D83F2FD7127C0033EFBF /* Frameworks */ = {
			isa = PBXFrameworksBuildPhase;
			buildActionMask = 2147483647;
			files = (
				55F8D9022FDB07A40033EFBF /* Supabase in Frameworks */,
				55F8D9002FDB07A40033EFBF /* Storage in Frameworks */,
				55F8D8FC2FDB07A40033EFBF /* PostgREST in Frameworks */,
				55E5A4472FE1E529006F7397 /* SDWebImageSwiftUI in Frameworks */,
				55F8D8FA2FDB07A40033EFBF /* Functions in Frameworks */,
				55F8D8F82FDB07A40033EFBF /* Auth in Frameworks */,
				55F8D8FE2FDB07A40033EFBF /* Realtime in Frameworks */,
				55F8D8F52FDB078E0033EFBF /* JGProgressHUD in Frameworks */,
				55F8D9052FDB07AF0033EFBF /* MessageKit in Frameworks */,
			);
			runOnlyForDeploymentPostprocessing = 0;
		};
		55F8D8532FD7127E0033EFBF /* Frameworks */ = {
			isa = PBXFrameworksBuildPhase;
			buildActionMask = 2147483647;
			files = (
			);
			runOnlyForDeploymentPostprocessing = 0;
		};
		55F8D85D2FD7127E0033EFBF /* Frameworks */ = {
			isa = PBXFrameworksBuildPhase;
			buildActionMask = 2147483647;
			files = (
			);
			runOnlyForDeploymentPostprocessing = 0;
		};
/* End PBXFrameworksBuildPhase section */

/* Begin PBXGroup section */
		55F8D8392FD7127C0033EFBF = {
			isa = PBXGroup;
			children = (
				55F8D8442FD7127C0033EFBF /* FireflyFM */,
				55F8D8592FD7127E0033EFBF /* FireflyFMTests */,
				55F8D8632FD7127E0033EFBF /* FireflyFMUITests */,
				55F8D8752FD71B8A0033EFBF /* Frameworks */,
				55F8D8432FD7127C0033EFBF /* Products */,
			);
			sourceTree = "<group>";
		};
		55F8D8432FD7127C0033EFBF /* Products */ = {
			isa = PBXGroup;
			children = (
				55F8D8422FD7127C0033EFBF /* FireflyFM.app */,
				55F8D8562FD7127E0033EFBF /* FireflyFMTests.xctest */,
				55F8D8602FD7127E0033EFBF /* FireflyFMUITests.xctest */,
			);
			name = Products;
			sourceTree = "<group>";
		};
		55F8D8752FD71B8A0033EFBF /* Frameworks */ = {
			isa = PBXGroup;
			children = (
			);
			name = Frameworks;
			sourceTree = "<group>";
		};
/* End PBXGroup section */

/* Begin PBXNativeTarget section */
		55F8D8412FD7127C0033EFBF /* FireflyFM */ = {
			isa = PBXNativeTarget;
			buildConfigurationList = 55F8D8692FD7127E0033EFBF /* Build configuration list for PBXNativeTarget "FireflyFM" */;
			buildPhases = (
				55F8D83E2FD7127C0033EFBF /* Sources */,
				55F8D83F2FD7127C0033EFBF /* Frameworks */,
				55F8D8402FD7127C0033EFBF /* Resources */,
			);
			buildRules = (
			);
			dependencies = (
			);
			fileSystemSynchronizedGroups = (
				55F8D8442FD7127C0033EFBF /* FireflyFM */,
			);
			name = FireflyFM;
			packageProductDependencies = (
				55F8D8F42FDB078E0033EFBF /* JGProgressHUD */,
				55F8D8F72FDB07A40033EFBF /* Auth */,
				55F8D8F92FDB07A40033EFBF /* Functions */,
				55F8D8FB2FDB07A40033EFBF /* PostgREST */,
				55F8D8FD2FDB07A40033EFBF /* Realtime */,
				55F8D8FF2FDB07A40033EFBF /* Storage */,
				55F8D9012FDB07A40033EFBF /* Supabase */,
				55F8D9042FDB07AF0033EFBF /* MessageKit */,
				55E5A4462FE1E529006F7397 /* SDWebImageSwiftUI */,
			);
			productName = FireflyFM;
			productReference = 55F8D8422FD7127C0033EFBF /* FireflyFM.app */;
			productType = "com.apple.product-type.application";
		};
		55F8D8552FD7127E0033EFBF /* FireflyFMTests */ = {
			isa = PBXNativeTarget;
			buildConfigurationList = 55F8D86E2FD7127E0033EFBF /* Build configuration list for PBXNativeTarget "FireflyFMTests" */;
			buildPhases = (
				55F8D8522FD7127E0033EFBF /* Sources */,
				55F8D8532FD7127E0033EFBF /* Frameworks */,
				55F8D8542FD7127E0033EFBF /* Resources */,
			);
			buildRules = (
			);
			dependencies = (
				55F8D8582FD7127E0033EFBF /* PBXTargetDependency */,
			);
			fileSystemSynchronizedGroups = (
				55F8D8592FD7127E0033EFBF /* FireflyFMTests */,
			);
			name = FireflyFMTests;
			packageProductDependencies = (
			);
			productName = FireflyFMTests;
			productReference = 55F8D8562FD7127E0033EFBF /* FireflyFMTests.xctest */;
			productType = "com.apple.product-type.bundle.unit-test";
		};
		55F8D85F2FD7127E0033EFBF /* FireflyFMUITests */ = {
			isa = PBXNativeTarget;
			buildConfigurationList = 55F8D8712FD7127E0033EFBF /* Build configuration list for PBXNativeTarget "FireflyFMUITests" */;
			buildPhases = (
				55F8D85C2FD7127E0033EFBF /* Sources */,
				55F8D85D2FD7127E0033EFBF /* Frameworks */,
				55F8D85E2FD7127E0033EFBF /* Resources */,
			);
			buildRules = (
			);
			dependencies = (
				55F8D8622FD7127E0033EFBF /* PBXTargetDependency */,
			);
			fileSystemSynchronizedGroups = (
				55F8D8632FD7127E0033EFBF /* FireflyFMUITests */,
			);
			name = FireflyFMUITests;
			packageProductDependencies = (
			);
			productName = FireflyFMUITests;
			productReference = 55F8D8602FD7127E0033EFBF /* FireflyFMUITests.xctest */;
			productType = "com.apple.product-type.bundle.ui-testing";
		};
/* End PBXNativeTarget section */

/* Begin PBXProject section */
		55F8D83A2FD7127C0033EFBF /* Project object */ = {
			isa = PBXProject;
			attributes = {
				BuildIndependentTargetsInParallel = 1;
				LastSwiftUpdateCheck = 2650;
				LastUpgradeCheck = 2650;
				TargetAttributes = {
					55F8D8412FD7127C0033EFBF = {
						CreatedOnToolsVersion = 26.5;
					};
					55F8D8552FD7127E0033EFBF = {
						CreatedOnToolsVersion = 26.5;
						TestTargetID = 55F8D8412FD7127C0033EFBF;
					};
					55F8D85F2FD7127E0033EFBF = {
						CreatedOnToolsVersion = 26.5;
						TestTargetID = 55F8D8412FD7127C0033EFBF;
					};
				};
			};
			buildConfigurationList = 55F8D83D2FD7127C0033EFBF /* Build configuration list for PBXProject "FireflyFM" */;
			developmentRegion = en;
			hasScannedForEncodings = 0;
			knownRegions = (
				en,
				Base,
			);
			mainGroup = 55F8D8392FD7127C0033EFBF;
			minimizedProjectReferenceProxies = 1;
			packageReferences = (
				55F8D8B42FD9C1670033EFBF /* XCRemoteSwiftPackageReference "SDWebImage" */,
				55F8D8F32FDB078E0033EFBF /* XCRemoteSwiftPackageReference "JGProgressHUD" */,
				55F8D8F62FDB07A40033EFBF /* XCRemoteSwiftPackageReference "supabase-swift" */,
				55F8D9032FDB07AF0033EFBF /* XCRemoteSwiftPackageReference "MessageKit" */,
				55E5A4452FE1E3C2006F7397 /* XCRemoteSwiftPackageReference "SDWebImageSwiftUI" */,
			);
			preferredProjectObjectVersion = 77;
			productRefGroup = 55F8D8432FD7127C0033EFBF /* Products */;
			projectDirPath = "";
			projectRoot = "";
			targets = (
				55F8D8412FD7127C0033EFBF /* FireflyFM */,
				55F8D8552FD7127E0033EFBF /* FireflyFMTests */,
				55F8D85F2FD7127E0033EFBF /* FireflyFMUITests */,
			);
		};
/* End PBXProject section */

/* Begin PBXResourcesBuildPhase section */
		55F8D8402FD7127C0033EFBF /* Resources */ = {
			isa = PBXResourcesBuildPhase;
			buildActionMask = 2147483647;
			files = (
			);
			runOnlyForDeploymentPostprocessing = 0;
		};
		55F8D8542FD7127E0033EFBF /* Resources */ = {
			isa = PBXResourcesBuildPhase;
			buildActionMask = 2147483647;
			files = (
			);
			runOnlyForDeploymentPostprocessing = 0;
		};
		55F8D85E2FD7127E0033EFBF /* Resources */ = {
			isa = PBXResourcesBuildPhase;
			buildActionMask = 2147483647;
			files = (
			);
			runOnlyForDeploymentPostprocessing = 0;
		};
/* End PBXResourcesBuildPhase section */

/* Begin PBXSourcesBuildPhase section */
		55F8D83E2FD7127C0033EFBF /* Sources */ = {
			isa = PBXSourcesBuildPhase;
			buildActionMask = 2147483647;
			files = (
			);
			runOnlyForDeploymentPostprocessing = 0;
		};
		55F8D8522FD7127E0033EFBF /* Sources */ = {
			isa = PBXSourcesBuildPhase;
			buildActionMask = 2147483647;
			files = (
			);
			runOnlyForDeploymentPostprocessing = 0;
		};
		55F8D85C2FD7127E0033EFBF /* Sources */ = {
			isa = PBXSourcesBuildPhase;
			buildActionMask = 2147483647;
			files = (
			);
			runOnlyForDeploymentPostprocessing = 0;
		};
/* End PBXSourcesBuildPhase section */

/* Begin PBXTargetDependency section */
		55F8D8582FD7127E0033EFBF /* PBXTargetDependency */ = {
			isa = PBXTargetDependency;
			target = 55F8D8412FD7127C0033EFBF /* FireflyFM */;
			targetProxy = 55F8D8572FD7127E0033EFBF /* PBXContainerItemProxy */;
		};
		55F8D8622FD7127E0033EFBF /* PBXTargetDependency */ = {
			isa = PBXTargetDependency;
			target = 55F8D8412FD7127C0033EFBF /* FireflyFM */;
			targetProxy = 55F8D8612FD7127E0033EFBF /* PBXContainerItemProxy */;
		};
/* End PBXTargetDependency section */

/* Begin XCBuildConfiguration section */
		55F8D86A2FD7127E0033EFBF /* Debug */ = {
			isa = XCBuildConfiguration;
			buildSettings = {
				ASSETCATALOG_COMPILER_APPICON_NAME = AppIcon;
				ASSETCATALOG_COMPILER_GLOBAL_ACCENT_COLOR_NAME = AccentColor;
				CODE_SIGN_ENTITLEMENTS = FireflyFM/FireflyFM.entitlements;
				"CODE_SIGN_IDENTITY[sdk=iphonesimulator*]" = "-";
				CODE_SIGN_STYLE = Automatic;
				CURRENT_PROJECT_VERSION = 1;
				DEVELOPMENT_TEAM = G6WMAQNAG4;
				"DEVELOPMENT_TEAM[sdk=iphonesimulator*]" = "";
				ENABLE_PREVIEWS = YES;
				GENERATE_INFOPLIST_FILE = YES;
				INFOPLIST_FILE = FireflyFM/Info.plist;
				INFOPLIST_KEY_NSCameraUsageDescription = "FireflyFM uses the camera to take school photos and scan school attendance QR codes.";
				INFOPLIST_KEY_NSMicrophoneUsageDescription = "Please allow access to send audio messages";
				INFOPLIST_KEY_NSPhotoLibraryAddUsageDescription = "Please allow access to select a photo";
				INFOPLIST_KEY_NSPhotoLibraryUsageDescription = "Please allow access to select a photo";
				INFOPLIST_KEY_UIApplicationSceneManifest_Generation = YES;
				INFOPLIST_KEY_UIApplicationSupportsIndirectInputEvents = YES;
				INFOPLIST_KEY_UILaunchScreen_Generation = YES;
				INFOPLIST_KEY_UISupportedInterfaceOrientations_iPad = "UIInterfaceOrientationPortrait UIInterfaceOrientationPortraitUpsideDown UIInterfaceOrientationLandscapeLeft UIInterfaceOrientationLandscapeRight";
				INFOPLIST_KEY_UISupportedInterfaceOrientations_iPhone = "UIInterfaceOrientationPortrait UIInterfaceOrientationLandscapeLeft UIInterfaceOrientationLandscapeRight";
				LD_RUNPATH_SEARCH_PATHS = (
					"$(inherited)",
					"@executable_path/Frameworks",
				);
				MARKETING_VERSION = 1.0;
				PRODUCT_BUNDLE_IDENTIFIER = Firefly.FireflyFM;
				PRODUCT_NAME = "$(TARGET_NAME)";
				"PROVISIONING_PROFILE_SPECIFIER[sdk=iphonesimulator*]" = "";
				STRING_CATALOG_GENERATE_SYMBOLS = YES;
				SWIFT_APPROACHABLE_CONCURRENCY = YES;
				SWIFT_DEFAULT_ACTOR_ISOLATION = MainActor;
				SWIFT_EMIT_LOC_STRINGS = YES;
				SWIFT_UPCOMING_FEATURE_MEMBER_IMPORT_VISIBILITY = YES;
				SWIFT_VERSION = 5.0;
				TARGETED_DEVICE_FAMILY = "1,2";
			};
			name = Debug;
		};
		55F8D86B2FD7127E0033EFBF /* Release */ = {
			isa = XCBuildConfiguration;
			buildSettings = {
				ASSETCATALOG_COMPILER_APPICON_NAME = AppIcon;
				ASSETCATALOG_COMPILER_GLOBAL_ACCENT_COLOR_NAME = AccentColor;
				CODE_SIGN_ENTITLEMENTS = FireflyFM/FireflyFM.entitlements;
				"CODE_SIGN_IDENTITY[sdk=iphonesimulator*]" = "-";
				CODE_SIGN_STYLE = Automatic;
				CURRENT_PROJECT_VERSION = 1;
				DEVELOPMENT_TEAM = G6WMAQNAG4;
				"DEVELOPMENT_TEAM[sdk=iphonesimulator*]" = "";
				ENABLE_PREVIEWS = YES;
				GENERATE_INFOPLIST_FILE = YES;
				INFOPLIST_FILE = FireflyFM/Info.plist;
				INFOPLIST_KEY_NSCameraUsageDescription = "FireflyFM uses the camera to take school photos and scan school attendance QR codes.";
				INFOPLIST_KEY_NSMicrophoneUsageDescription = "Please allow access to send audio messages";
				INFOPLIST_KEY_NSPhotoLibraryAddUsageDescription = "Please allow access to select a photo";
				INFOPLIST_KEY_NSPhotoLibraryUsageDescription = "Please allow access to select a photo";
				INFOPLIST_KEY_UIApplicationSceneManifest_Generation = YES;
				INFOPLIST_KEY_UIApplicationSupportsIndirectInputEvents = YES;
				INFOPLIST_KEY_UILaunchScreen_Generation = YES;
				INFOPLIST_KEY_UISupportedInterfaceOrientations_iPad = "UIInterfaceOrientationPortrait UIInterfaceOrientationPortraitUpsideDown UIInterfaceOrientationLandscapeLeft UIInterfaceOrientationLandscapeRight";
				INFOPLIST_KEY_UISupportedInterfaceOrientations_iPhone = "UIInterfaceOrientationPortrait UIInterfaceOrientationLandscapeLeft UIInterfaceOrientationLandscapeRight";
				LD_RUNPATH_SEARCH_PATHS = (
					"$(inherited)",
					"@executable_path/Frameworks",
				);
				MARKETING_VERSION = 1.0;
				PRODUCT_BUNDLE_IDENTIFIER = Firefly.FireflyFM;
				PRODUCT_NAME = "$(TARGET_NAME)";
				"PROVISIONING_PROFILE_SPECIFIER[sdk=iphonesimulator*]" = "";
				STRING_CATALOG_GENERATE_SYMBOLS = YES;
				SWIFT_APPROACHABLE_CONCURRENCY = YES;
				SWIFT_DEFAULT_ACTOR_ISOLATION = MainActor;
				SWIFT_EMIT_LOC_STRINGS = YES;
				SWIFT_UPCOMING_FEATURE_MEMBER_IMPORT_VISIBILITY = YES;
				SWIFT_VERSION = 5.0;
				TARGETED_DEVICE_FAMILY = "1,2";
			};
			name = Release;
		};
		55F8D86C2FD7127E0033EFBF /* Debug */ = {
			isa = XCBuildConfiguration;
			buildSettings = {
				ALWAYS_SEARCH_USER_PATHS = NO;
				ASSETCATALOG_COMPILER_GENERATE_SWIFT_ASSET_SYMBOL_EXTENSIONS = YES;
				CLANG_ANALYZER_NONNULL = YES;
				CLANG_ANALYZER_NUMBER_OBJECT_CONVERSION = YES_AGGRESSIVE;
				CLANG_CXX_LANGUAGE_STANDARD = "gnu++20";
				CLANG_ENABLE_MODULES = YES;
				CLANG_ENABLE_OBJC_ARC = YES;
				CLANG_ENABLE_OBJC_WEAK = YES;
				CLANG_WARN_BLOCK_CAPTURE_AUTORELEASING = YES;
				CLANG_WARN_BOOL_CONVERSION = YES;
				CLANG_WARN_COMMA = YES;
				CLANG_WARN_CONSTANT_CONVERSION = YES;
				CLANG_WARN_DEPRECATED_OBJC_IMPLEMENTATIONS = YES;
				CLANG_WARN_DIRECT_OBJC_ISA_USAGE = YES_ERROR;
				CLANG_WARN_DOCUMENTATION_COMMENTS = YES;
				CLANG_WARN_EMPTY_BODY = YES;
				CLANG_WARN_ENUM_CONVERSION = YES;
				CLANG_WARN_INFINITE_RECURSION = YES;
				CLANG_WARN_INT_CONVERSION = YES;
				CLANG_WARN_NON_LITERAL_NULL_CONVERSION = YES;
				CLANG_WARN_OBJC_IMPLICIT_RETAIN_SELF = YES;
				CLANG_WARN_OBJC_LITERAL_CONVERSION = YES;
				CLANG_WARN_OBJC_ROOT_CLASS = YES_ERROR;
				CLANG_WARN_QUOTED_INCLUDE_IN_FRAMEWORK_HEADER = YES;
				CLANG_WARN_RANGE_LOOP_ANALYSIS = YES;
				CLANG_WARN_STRICT_PROTOTYPES = YES;
				CLANG_WARN_SUSPICIOUS_MOVE = YES;
				CLANG_WARN_UNGUARDED_AVAILABILITY = YES_AGGRESSIVE;
				CLANG_WARN_UNREACHABLE_CODE = YES;
				CLANG_WARN__DUPLICATE_METHOD_MATCH = YES;
				COPY_PHASE_STRIP = NO;
				DEBUG_INFORMATION_FORMAT = dwarf;
				DEVELOPMENT_TEAM = G6WMAQNAG4;
				ENABLE_STRICT_OBJC_MSGSEND = YES;
				ENABLE_TESTABILITY = YES;
				ENABLE_USER_SCRIPT_SANDBOXING = YES;
				GCC_C_LANGUAGE_STANDARD = gnu17;
				GCC_DYNAMIC_NO_PIC = NO;
				GCC_NO_COMMON_BLOCKS = YES;
				GCC_OPTIMIZATION_LEVEL = 0;
				GCC_PREPROCESSOR_DEFINITIONS = (
					"DEBUG=1",
					"$(inherited)",
				);
				GCC_WARN_64_TO_32_BIT_CONVERSION = YES;
				GCC_WARN_ABOUT_RETURN_TYPE = YES_ERROR;
				GCC_WARN_UNDECLARED_SELECTOR = YES;
				GCC_WARN_UNINITIALIZED_AUTOS = YES_AGGRESSIVE;
				GCC_WARN_UNUSED_FUNCTION = YES;
				GCC_WARN_UNUSED_VARIABLE = YES;
				IPHONEOS_DEPLOYMENT_TARGET = 26.5;
				LOCALIZATION_PREFERS_STRING_CATALOGS = YES;
				MTL_ENABLE_DEBUG_INFO = INCLUDE_SOURCE;
				MTL_FAST_MATH = YES;
				ONLY_ACTIVE_ARCH = YES;
				SDKROOT = iphoneos;
				SWIFT_ACTIVE_COMPILATION_CONDITIONS = "DEBUG $(inherited)";
				SWIFT_OPTIMIZATION_LEVEL = "-Onone";
			};
			name = Debug;
		};
		55F8D86D2FD7127E0033EFBF /* Release */ = {
			isa = XCBuildConfiguration;
			buildSettings = {
				ALWAYS_SEARCH_USER_PATHS = NO;
				ASSETCATALOG_COMPILER_GENERATE_SWIFT_ASSET_SYMBOL_EXTENSIONS = YES;
				CLANG_ANALYZER_NONNULL = YES;
				CLANG_ANALYZER_NUMBER_OBJECT_CONVERSION = YES_AGGRESSIVE;
				CLANG_CXX_LANGUAGE_STANDARD = "gnu++20";
				CLANG_ENABLE_MODULES = YES;
				CLANG_ENABLE_OBJC_ARC = YES;
				CLANG_ENABLE_OBJC_WEAK = YES;
				CLANG_WARN_BLOCK_CAPTURE_AUTORELEASING = YES;
				CLANG_WARN_BOOL_CONVERSION = YES;
				CLANG_WARN_COMMA = YES;
				CLANG_WARN_CONSTANT_CONVERSION = YES;
				CLANG_WARN_DEPRECATED_OBJC_IMPLEMENTATIONS = YES;
				CLANG_WARN_DIRECT_OBJC_ISA_USAGE = YES_ERROR;
				CLANG_WARN_DOCUMENTATION_COMMENTS = YES;
				CLANG_WARN_EMPTY_BODY = YES;
				CLANG_WARN_ENUM_CONVERSION = YES;
				CLANG_WARN_INFINITE_RECURSION = YES;
				CLANG_WARN_INT_CONVERSION = YES;
				CLANG_WARN_NON_LITERAL_NULL_CONVERSION = YES;
				CLANG_WARN_OBJC_IMPLICIT_RETAIN_SELF = YES;
				CLANG_WARN_OBJC_LITERAL_CONVERSION = YES;
				CLANG_WARN_OBJC_ROOT_CLASS = YES_ERROR;
				CLANG_WARN_QUOTED_INCLUDE_IN_FRAMEWORK_HEADER = YES;
				CLANG_WARN_RANGE_LOOP_ANALYSIS = YES;
				CLANG_WARN_STRICT_PROTOTYPES = YES;
				CLANG_WARN_SUSPICIOUS_MOVE = YES;
				CLANG_WARN_UNGUARDED_AVAILABILITY = YES_AGGRESSIVE;
				CLANG_WARN_UNREACHABLE_CODE = YES;
				CLANG_WARN__DUPLICATE_METHOD_MATCH = YES;
				COPY_PHASE_STRIP = NO;
				DEBUG_INFORMATION_FORMAT = "dwarf-with-dsym";
				DEVELOPMENT_TEAM = G6WMAQNAG4;
				ENABLE_NS_ASSERTIONS = NO;
				ENABLE_STRICT_OBJC_MSGSEND = YES;
				ENABLE_USER_SCRIPT_SANDBOXING = YES;
				GCC_C_LANGUAGE_STANDARD = gnu17;
				GCC_NO_COMMON_BLOCKS = YES;
				GCC_WARN_64_TO_32_BIT_CONVERSION = YES;
				GCC_WARN_ABOUT_RETURN_TYPE = YES_ERROR;
				GCC_WARN_UNDECLARED_SELECTOR = YES;
				GCC_WARN_UNINITIALIZED_AUTOS = YES_AGGRESSIVE;
				GCC_WARN_UNUSED_FUNCTION = YES;
				GCC_WARN_UNUSED_VARIABLE = YES;
				IPHONEOS_DEPLOYMENT_TARGET = 26.5;
				LOCALIZATION_PREFERS_STRING_CATALOGS = YES;
				MTL_ENABLE_DEBUG_INFO = NO;
				MTL_FAST_MATH = YES;
				SDKROOT = iphoneos;
				SWIFT_COMPILATION_MODE = wholemodule;
				VALIDATE_PRODUCT = YES;
			};
			name = Release;
		};
		55F8D86F2FD7127E0033EFBF /* Debug */ = {
			isa = XCBuildConfiguration;
			buildSettings = {
				BUNDLE_LOADER = "$(TEST_HOST)";
				"CODE_SIGN_IDENTITY[sdk=iphonesimulator*]" = "-";
				CODE_SIGN_STYLE = Automatic;
				CURRENT_PROJECT_VERSION = 1;
				DEVELOPMENT_TEAM = G6WMAQNAG4;
				"DEVELOPMENT_TEAM[sdk=iphonesimulator*]" = "";
				GENERATE_INFOPLIST_FILE = YES;
				IPHONEOS_DEPLOYMENT_TARGET = 26.5;
				MARKETING_VERSION = 1.0;
				PRODUCT_BUNDLE_IDENTIFIER = Firefly.FireflyFMTests;
				PRODUCT_NAME = "$(TARGET_NAME)";
				"PROVISIONING_PROFILE_SPECIFIER[sdk=iphonesimulator*]" = "";
				STRING_CATALOG_GENERATE_SYMBOLS = NO;
				SWIFT_APPROACHABLE_CONCURRENCY = YES;
				SWIFT_EMIT_LOC_STRINGS = NO;
				SWIFT_UPCOMING_FEATURE_MEMBER_IMPORT_VISIBILITY = YES;
				SWIFT_VERSION = 5.0;
				TARGETED_DEVICE_FAMILY = "1,2";
				TEST_HOST = "$(BUILT_PRODUCTS_DIR)/FireflyFM.app/$(BUNDLE_EXECUTABLE_FOLDER_PATH)/FireflyFM";
			};
			name = Debug;
		};
		55F8D8702FD7127E0033EFBF /* Release */ = {
			isa = XCBuildConfiguration;
			buildSettings = {
				BUNDLE_LOADER = "$(TEST_HOST)";
				"CODE_SIGN_IDENTITY[sdk=iphonesimulator*]" = "-";
				CODE_SIGN_STYLE = Automatic;
				CURRENT_PROJECT_VERSION = 1;
				DEVELOPMENT_TEAM = G6WMAQNAG4;
				"DEVELOPMENT_TEAM[sdk=iphonesimulator*]" = "";
				GENERATE_INFOPLIST_FILE = YES;
				IPHONEOS_DEPLOYMENT_TARGET = 26.5;
				MARKETING_VERSION = 1.0;
				PRODUCT_BUNDLE_IDENTIFIER = Firefly.FireflyFMTests;
				PRODUCT_NAME = "$(TARGET_NAME)";
				"PROVISIONING_PROFILE_SPECIFIER[sdk=iphonesimulator*]" = "";
				STRING_CATALOG_GENERATE_SYMBOLS = NO;
				SWIFT_APPROACHABLE_CONCURRENCY = YES;
				SWIFT_EMIT_LOC_STRINGS = NO;
				SWIFT_UPCOMING_FEATURE_MEMBER_IMPORT_VISIBILITY = YES;
				SWIFT_VERSION = 5.0;
				TARGETED_DEVICE_FAMILY = "1,2";
				TEST_HOST = "$(BUILT_PRODUCTS_DIR)/FireflyFM.app/$(BUNDLE_EXECUTABLE_FOLDER_PATH)/FireflyFM";
			};
			name = Release;
		};
		55F8D8722FD7127E0033EFBF /* Debug */ = {
			isa = XCBuildConfiguration;
			buildSettings = {
				"CODE_SIGN_IDENTITY[sdk=iphonesimulator*]" = "-";
				CODE_SIGN_STYLE = Automatic;
				CURRENT_PROJECT_VERSION = 1;
				DEVELOPMENT_TEAM = G6WMAQNAG4;
				"DEVELOPMENT_TEAM[sdk=iphonesimulator*]" = "";
				GENERATE_INFOPLIST_FILE = YES;
				MARKETING_VERSION = 1.0;
				PRODUCT_BUNDLE_IDENTIFIER = Firefly.FireflyFMUITests;
				PRODUCT_NAME = "$(TARGET_NAME)";
				"PROVISIONING_PROFILE_SPECIFIER[sdk=iphonesimulator*]" = "";
				STRING_CATALOG_GENERATE_SYMBOLS = NO;
				SWIFT_APPROACHABLE_CONCURRENCY = YES;
				SWIFT_EMIT_LOC_STRINGS = NO;
				SWIFT_UPCOMING_FEATURE_MEMBER_IMPORT_VISIBILITY = YES;
				SWIFT_VERSION = 5.0;
				TARGETED_DEVICE_FAMILY = "1,2";
				TEST_TARGET_NAME = FireflyFM;
			};
			name = Debug;
		};
		55F8D8732FD7127E0033EFBF /* Release */ = {
			isa = XCBuildConfiguration;
			buildSettings = {
				"CODE_SIGN_IDENTITY[sdk=iphonesimulator*]" = "-";
				CODE_SIGN_STYLE = Automatic;
				CURRENT_PROJECT_VERSION = 1;
				DEVELOPMENT_TEAM = G6WMAQNAG4;
				"DEVELOPMENT_TEAM[sdk=iphonesimulator*]" = "";
				GENERATE_INFOPLIST_FILE = YES;
				MARKETING_VERSION = 1.0;
				PRODUCT_BUNDLE_IDENTIFIER = Firefly.FireflyFMUITests;
				PRODUCT_NAME = "$(TARGET_NAME)";
				"PROVISIONING_PROFILE_SPECIFIER[sdk=iphonesimulator*]" = "";
				STRING_CATALOG_GENERATE_SYMBOLS = NO;
				SWIFT_APPROACHABLE_CONCURRENCY = YES;
				SWIFT_EMIT_LOC_STRINGS = NO;
				SWIFT_UPCOMING_FEATURE_MEMBER_IMPORT_VISIBILITY = YES;
				SWIFT_VERSION = 5.0;
				TARGETED_DEVICE_FAMILY = "1,2";
				TEST_TARGET_NAME = FireflyFM;
			};
			name = Release;
		};
/* End XCBuildConfiguration section */

/* Begin XCConfigurationList section */
		55F8D83D2FD7127C0033EFBF /* Build configuration list for PBXProject "FireflyFM" */ = {
			isa = XCConfigurationList;
			buildConfigurations = (
				55F8D86C2FD7127E0033EFBF /* Debug */,
				55F8D86D2FD7127E0033EFBF /* Release */,
			);
			defaultConfigurationIsVisible = 0;
			defaultConfigurationName = Release;
		};
		55F8D8692FD7127E0033EFBF /* Build configuration list for PBXNativeTarget "FireflyFM" */ = {
			isa = XCConfigurationList;
			buildConfigurations = (
				55F8D86A2FD7127E0033EFBF /* Debug */,
				55F8D86B2FD7127E0033EFBF /* Release */,
			);
			defaultConfigurationIsVisible = 0;
			defaultConfigurationName = Release;
		};
		55F8D86E2FD7127E0033EFBF /* Build configuration list for PBXNativeTarget "FireflyFMTests" */ = {
			isa = XCConfigurationList;
			buildConfigurations = (
				55F8D86F2FD7127E0033EFBF /* Debug */,
				55F8D8702FD7127E0033EFBF /* Release */,
			);
			defaultConfigurationIsVisible = 0;
			defaultConfigurationName = Release;
		};
		55F8D8712FD7127E0033EFBF /* Build configuration list for PBXNativeTarget "FireflyFMUITests" */ = {
			isa = XCConfigurationList;
			buildConfigurations = (
				55F8D8722FD7127E0033EFBF /* Debug */,
				55F8D8732FD7127E0033EFBF /* Release */,
			);
			defaultConfigurationIsVisible = 0;
			defaultConfigurationName = Release;
		};
/* End XCConfigurationList section */

/* Begin XCRemoteSwiftPackageReference section */
		55E5A4452FE1E3C2006F7397 /* XCRemoteSwiftPackageReference "SDWebImageSwiftUI" */ = {
			isa = XCRemoteSwiftPackageReference;
			repositoryURL = "https://github.com/SDWebImage/SDWebImageSwiftUI.git";
			requirement = {
				kind = upToNextMajorVersion;
				minimumVersion = 3.1.4;
			};
		};
		55F8D8B42FD9C1670033EFBF /* XCRemoteSwiftPackageReference "SDWebImage" */ = {
			isa = XCRemoteSwiftPackageReference;
			repositoryURL = "https://github.com/SDWebImage/SDWebImage.git";
			requirement = {
				kind = upToNextMajorVersion;
				minimumVersion = 5.21.7;
			};
		};
		55F8D8F32FDB078E0033EFBF /* XCRemoteSwiftPackageReference "JGProgressHUD" */ = {
			isa = XCRemoteSwiftPackageReference;
			repositoryURL = "https://github.com/JonasGessner/JGProgressHUD";
			requirement = {
				kind = upToNextMajorVersion;
				minimumVersion = 2.2.0;
			};
		};
		55F8D8F62FDB07A40033EFBF /* XCRemoteSwiftPackageReference "supabase-swift" */ = {
			isa = XCRemoteSwiftPackageReference;
			repositoryURL = "https://github.com/supabase/supabase-swift";
			requirement = {
				kind = upToNextMajorVersion;
				minimumVersion = 2.5.1;
			};
		};
		55F8D9032FDB07AF0033EFBF /* XCRemoteSwiftPackageReference "MessageKit" */ = {
			isa = XCRemoteSwiftPackageReference;
			repositoryURL = "https://github.com/MessageKit/MessageKit";
			requirement = {
				kind = upToNextMajorVersion;
				minimumVersion = 5.0.0;
			};
		};
/* End XCRemoteSwiftPackageReference section */

/* Begin XCSwiftPackageProductDependency section */
		55E5A4462FE1E529006F7397 /* SDWebImageSwiftUI */ = {
			isa = XCSwiftPackageProductDependency;
			package = 55E5A4452FE1E3C2006F7397 /* XCRemoteSwiftPackageReference "SDWebImageSwiftUI" */;
			productName = SDWebImageSwiftUI;
		};
		55F8D8F42FDB078E0033EFBF /* JGProgressHUD */ = {
			isa = XCSwiftPackageProductDependency;
			package = 55F8D8F32FDB078E0033EFBF /* XCRemoteSwiftPackageReference "JGProgressHUD" */;
			productName = JGProgressHUD;
		};
		55F8D8F72FDB07A40033EFBF /* Auth */ = {
			isa = XCSwiftPackageProductDependency;
			package = 55F8D8F62FDB07A40033EFBF /* XCRemoteSwiftPackageReference "supabase-swift" */;
			productName = Auth;
		};
		55F8D8F92FDB07A40033EFBF /* Functions */ = {
			isa = XCSwiftPackageProductDependency;
			package = 55F8D8F62FDB07A40033EFBF /* XCRemoteSwiftPackageReference "supabase-swift" */;
			productName = Functions;
		};
		55F8D8FB2FDB07A40033EFBF /* PostgREST */ = {
			isa = XCSwiftPackageProductDependency;
			package = 55F8D8F62FDB07A40033EFBF /* XCRemoteSwiftPackageReference "supabase-swift" */;
			productName = PostgREST;
		};
		55F8D8FD2FDB07A40033EFBF /* Realtime */ = {
			isa = XCSwiftPackageProductDependency;
			package = 55F8D8F62FDB07A40033EFBF /* XCRemoteSwiftPackageReference "supabase-swift" */;
			productName = Realtime;
		};
		55F8D8FF2FDB07A40033EFBF /* Storage */ = {
			isa = XCSwiftPackageProductDependency;
			package = 55F8D8F62FDB07A40033EFBF /* XCRemoteSwiftPackageReference "supabase-swift" */;
			productName = Storage;
		};
		55F8D9012FDB07A40033EFBF /* Supabase */ = {
			isa = XCSwiftPackageProductDependency;
			package = 55F8D8F62FDB07A40033EFBF /* XCRemoteSwiftPackageReference "supabase-swift" */;
			productName = Supabase;
		};
		55F8D9042FDB07AF0033EFBF /* MessageKit */ = {
			isa = XCSwiftPackageProductDependency;
			package = 55F8D9032FDB07AF0033EFBF /* XCRemoteSwiftPackageReference "MessageKit" */;
			productName = MessageKit;
		};
/* End XCSwiftPackageProductDependency section */
	};
	rootObject = 55F8D83A2FD7127C0033EFBF /* Project object */;
}
